// !$*UTF8*$!
{
	archiveVersion = 1;
	classes = {
	};
	objectVersion = 56;
	objects = {

/* Begin PBXBuildFile section */
		72024D862BCA4E970032F6C0 /* SharedViewModel.swift in Sources */ = {isa = PBXBuildFile; fileRef = 72024D852BCA4E970032F6C0 /* SharedViewModel.swift */; };
		72024D882BCA52230032F6C0 /* AttractionListView.swift in Sources */ = {isa = PBXBuildFile; fileRef = 72024D872BCA52230032F6C0 /* AttractionListView.swift */; };
		72024DCF2BCA5FB40032F6C0 /* AttractionList.json in Resources */ = {isa = PBXBuildFile; fileRef = 72024DCE2BCA5FB40032F6C0 /* AttractionList.json */; };
		72024DD12BCA610F0032F6C0 /* PreviewData.swift in Sources */ = {isa = PBXBuildFile; fileRef = 72024DD02BCA610F0032F6C0 /* PreviewData.swift */; };
		72024DDB2BCA916F0032F6C0 /* MOTCLocatedCity.swift in Sources */ = {isa = PBXBuildFile; fileRef = 72024DD22BCA916E0032F6C0 /* MOTCLocatedCity.swift */; };
		72024DDC2BCA916F0032F6C0 /* MOTCAttractionResponse.swift in Sources */ = {isa = PBXBuildFile; fileRef = 72024DD32BCA916E0032F6C0 /* MOTCAttractionResponse.swift */; };
		72024DDD2BCA916F0032F6C0 /* MOTCPostalAddress.swift in Sources */ = {isa = PBXBuildFile; fileRef = 72024DD42BCA916E0032F6C0 /* MOTCPostalAddress.swift */; };
		72024DDE2BCA916F0032F6C0 /* MOTCTelephone.swift in Sources */ = {isa = PBXBuildFile; fileRef = 72024DD52BCA916F0032F6C0 /* MOTCTelephone.swift */; };
		72024DDF2BCA916F0032F6C0 /* MOTCSocialMediaURL.swift in Sources */ = {isa = PBXBuildFile; fileRef = 72024DD62BCA916F0032F6C0 /* MOTCSocialMediaURL.swift */; };
		72024DE02BCA916F0032F6C0 /* MOTCOrganization.swift in Sources */ = {isa = PBXBuildFile; fileRef = 72024DD72BCA916F0032F6C0 /* MOTCOrganization.swift */; };
		72024DE12BCA916F0032F6C0 /* JSONSchemaSupport.swift in Sources */ = {isa = PBXBuildFile; fileRef = 72024DD82BCA916F0032F6C0 /* JSONSchemaSupport.swift */; };
		72024DE22BCA916F0032F6C0 /* MOTCAttraction.swift in Sources */ = {isa = PBXBuildFile; fileRef = 72024DD92BCA916F0032F6C0 /* MOTCAttraction.swift */; };
		72024DE32BCA916F0032F6C0 /* MOTCImage.swift in Sources */ = {isa = PBXBuildFile; fileRef = 72024DDA2BCA916F0032F6C0 /* MOTCImage.swift */; };
		72DC55B32BC96AF90038C24A /* taiwan_gogoApp.swift in Sources */ = {isa = PBXBuildFile; fileRef = 72DC55B22BC96AF90038C24A /* taiwan_gogoApp.swift */; };
		72DC55B52BC96AF90038C24A /* ContentView.swift in Sources */ = {isa = PBXBuildFile; fileRef = 72DC55B42BC96AF90038C24A /* ContentView.swift */; };
		72DC55B92BC96AFB0038C24A /* Assets.xcassets in Resources */ = {isa = PBXBuildFile; fileRef = 72DC55B82BC96AFB0038C24A /* Assets.xcassets */; };
		72DC55BC2BC96AFB0038C24A /* Preview Assets.xcassets in Resources */ = {isa = PBXBuildFile; fileRef = 72DC55BB2BC96AFB0038C24A /* Preview Assets.xcassets */; };
		72DC55C62BC96AFB0038C24A /* taiwan_gogoTests.swift in Sources */ = {isa = PBXBuildFile; fileRef = 72DC55C52BC96AFB0038C24A /* taiwan_gogoTests.swift */; };
		72DC55D02BC96AFB0038C24A /* taiwan_gogoUITests.swift in Sources */ = {isa = PBXBuildFile; fileRef = 72DC55CF2BC96AFB0038C24A /* taiwan_gogoUITests.swift */; };
		72DC55D22BC96AFB0038C24A /* taiwan_gogoUITestsLaunchTests.swift in Sources */ = {isa = PBXBuildFile; fileRef = 72DC55D12BC96AFB0038C24A /* taiwan_gogoUITestsLaunchTests.swift */; };
		72DC55E32BC993E50038C24A /* ExploreView.swift in Sources */ = {isa = PBXBuildFile; fileRef = 72DC55E22BC993E50038C24A /* ExploreView.swift */; };
		72DC55E52BC993FC0038C24A /* JourneyView.swift in Sources */ = {isa = PBXBuildFile; fileRef = 72DC55E42BC993FC0038C24A /* JourneyView.swift */; };
		72DC55E72BC9AACB0038C24A /* BottomSheetHelper.swift in Sources */ = {isa = PBXBuildFile; fileRef = 72DC55E62BC9AACB0038C24A /* BottomSheetHelper.swift */; };
/* End PBXBuildFile section */

/* Begin PBXContainerItemProxy section */
		72DC55C22BC96AFB0038C24A /* PBXContainerItemProxy */ = {
			isa = PBXContainerItemProxy;
			containerPortal = 72DC55A72BC96AF90038C24A /* Project object */;
			proxyType = 1;
			remoteGlobalIDString = 72DC55AE2BC96AF90038C24A;
			remoteInfo = taiwan_gogo;
		};
		72DC55CC2BC96AFB0038C24A /* PBXContainerItemProxy */ = {
			isa = PBXContainerItemProxy;
			containerPortal = 72DC55A72BC96AF90038C24A /* Project object */;
			proxyType = 1;
			remoteGlobalIDString = 72DC55AE2BC96AF90038C24A;
			remoteInfo = taiwan_gogo;
		};
/* End PBXContainerItemProxy section */

/* Begin PBXFileReference section */
		72024D852BCA4E970032F6C0 /* SharedViewModel.swift */ = {isa = PBXFileReference; lastKnownFileType = sourcecode.swift; path = SharedViewModel.swift; sourceTree = "<group>"; };
		72024D872BCA52230032F6C0 /* AttractionListView.swift */ = {isa = PBXFileReference; lastKnownFileType = sourcecode.swift; path = AttractionListView.swift; sourceTree = "<group>"; };
		72024DCE2BCA5FB40032F6C0 /* AttractionList.json */ = {isa = PBXFileReference; fileEncoding = 4; lastKnownFileType = text.json; path = AttractionList.json; sourceTree = "<group>"; };
		72024DD02BCA610F0032F6C0 /* PreviewData.swift */ = {isa = PBXFileReference; lastKnownFileType = sourcecode.swift; path = PreviewData.swift; sourceTree = "<group>"; };
		72024DD22BCA916E0032F6C0 /* MOTCLocatedCity.swift */ = {isa = PBXFileReference; fileEncoding = 4; lastKnownFileType = sourcecode.swift; path = MOTCLocatedCity.swift; sourceTree = "<group>"; };
		72024DD32BCA916E0032F6C0 /* MOTCAttractionResponse.swift */ = {isa = PBXFileReference; fileEncoding = 4; lastKnownFileType = sourcecode.swift; path = MOTCAttractionResponse.swift; sourceTree = "<group>"; };
		72024DD42BCA916E0032F6C0 /* MOTCPostalAddress.swift */ = {isa = PBXFileReference; fileEncoding = 4; lastKnownFileType = sourcecode.swift; path = MOTCPostalAddress.swift; sourceTree = "<group>"; };
		72024DD52BCA916F0032F6C0 /* MOTCTelephone.swift */ = {isa = PBXFileReference; fileEncoding = 4; lastKnownFileType = sourcecode.swift; path = MOTCTelephone.swift; sourceTree = "<group>"; };
		72024DD62BCA916F0032F6C0 /* MOTCSocialMediaURL.swift */ = {isa = PBXFileReference; fileEncoding = 4; lastKnownFileType = sourcecode.swift; path = MOTCSocialMediaURL.swift; sourceTree = "<group>"; };
		72024DD72BCA916F0032F6C0 /* MOTCOrganization.swift */ = {isa = PBXFileReference; fileEncoding = 4; lastKnownFileType = sourcecode.swift; path = MOTCOrganization.swift; sourceTree = "<group>"; };
		72024DD82BCA916F0032F6C0 /* JSONSchemaSupport.swift */ = {isa = PBXFileReference; fileEncoding = 4; lastKnownFileType = sourcecode.swift; path = JSONSchemaSupport.swift; sourceTree = "<group>"; };
		72024DD92BCA916F0032F6C0 /* MOTCAttraction.swift */ = {isa = PBXFileReference; fileEncoding = 4; lastKnownFileType = sourcecode.swift; path = MOTCAttraction.swift; sourceTree = "<group>"; };
		72024DDA2BCA916F0032F6C0 /* MOTCImage.swift */ = {isa = PBXFileReference; fileEncoding = 4; lastKnownFileType = sourcecode.swift; path = MOTCImage.swift; sourceTree = "<group>"; };
		72DC55AF2BC96AF90038C24A /* taiwan_gogo.app */ = {isa = PBXFileReference; explicitFileType = wrapper.application; includeInIndex = 0; path = taiwan_gogo.app; sourceTree = BUILT_PRODUCTS_DIR; };
		72DC55B22BC96AF90038C24A /* taiwan_gogoApp.swift */ = {isa = PBXFileReference; lastKnownFileType = sourcecode.swift; path = taiwan_gogoApp.swift; sourceTree = "<group>"; };
		72DC55B42BC96AF90038C24A /* ContentView.swift */ = {isa = PBXFileReference; lastKnownFileType = sourcecode.swift; path = ContentView.swift; sourceTree = "<group>"; };
		72DC55B82BC96AFB0038C24A /* Assets.xcassets */ = {isa = PBXFileReference; lastKnownFileType = folder.assetcatalog; path = Assets.xcassets; sourceTree = "<group>"; };
		72DC55BB2BC96AFB0038C24A /* Preview Assets.xcassets */ = {isa = PBXFileReference; lastKnownFileType = folder.assetcatalog; path = "Preview Assets.xcassets"; sourceTree = "<group>"; };
		72DC55C12BC96AFB0038C24A /* taiwan_gogoTests.xctest */ = {isa = PBXFileReference; explicitFileType = wrapper.cfbundle; includeInIndex = 0; path = taiwan_gogoTests.xctest; sourceTree = BUILT_PRODUCTS_DIR; };
		72DC55C52BC96AFB0038C24A /* taiwan_gogoTests.swift */ = {isa = PBXFileReference; lastKnownFileType = sourcecode.swift; path = taiwan_gogoTests.swift; sourceTree = "<group>"; };
		72DC55CB2BC96AFB0038C24A /* taiwan_gogoUITests.xctest */ = {isa = PBXFileReference; explicitFileType = wrapper.cfbundle; includeInIndex = 0; path = taiwan_gogoUITests.xctest; sourceTree = BUILT_PRODUCTS_DIR; };
		72DC55CF2BC96AFB0038C24A /* taiwan_gogoUITests.swift */ = {isa = PBXFileReference; lastKnownFileType = sourcecode.swift; path = taiwan_gogoUITests.swift; sourceTree = "<group>"; };
		72DC55D12BC96AFB0038C24A /* taiwan_gogoUITestsLaunchTests.swift */ = {isa = PBXFileReference; lastKnownFileType = sourcecode.swift; path = taiwan_gogoUITestsLaunchTests.swift; sourceTree = "<group>"; };
		72DC55E22BC993E50038C24A /* ExploreView.swift */ = {isa = PBXFileReference; lastKnownFileType = sourcecode.swift; path = ExploreView.swift; sourceTree = "<group>"; };
		72DC55E42BC993FC0038C24A /* JourneyView.swift */ = {isa = PBXFileReference; lastKnownFileType = sourcecode.swift; path = JourneyView.swift; sourceTree = "<group>"; };
		72DC55E62BC9AACB0038C24A /* BottomSheetHelper.swift */ = {isa = PBXFileReference; lastKnownFileType = sourcecode.swift; path = BottomSheetHelper.swift; sourceTree = "<group>"; };
/* End PBXFileReference section */

/* Begin PBXFrameworksBuildPhase section */
		72DC55AC2BC96AF90038C24A /* Frameworks */ = {
			isa = PBXFrameworksBuildPhase;
			buildActionMask = 2147483647;
			files = (
			);
			runOnlyForDeploymentPostprocessing = 0;
		};
		72DC55BE2BC96AFB0038C24A /* Frameworks */ = {
			isa = PBXFrameworksBuildPhase;
			buildActionMask = 2147483647;
			files = (
			);
			runOnlyForDeploymentPostprocessing = 0;
		};
		72DC55C82BC96AFB0038C24A /* Frameworks */ = {
			isa = PBXFrameworksBuildPhase;
			buildActionMask = 2147483647;
			files = (
			);
			runOnlyForDeploymentPostprocessing = 0;
		};
/* End PBXFrameworksBuildPhase section */

/* Begin PBXGroup section */
		72024D682BCA3A370032F6C0 /* Models */ = {
			isa = PBXGroup;
			children = (
				72024DD92BCA916F0032F6C0 /* MOTCAttraction.swift */,
				72024DD32BCA916E0032F6C0 /* MOTCAttractionResponse.swift */,
				72024DDA2BCA916F0032F6C0 /* MOTCImage.swift */,
				72024DD22BCA916E0032F6C0 /* MOTCLocatedCity.swift */,
				72024DD72BCA916F0032F6C0 /* MOTCOrganization.swift */,
				72024DD42BCA916E0032F6C0 /* MOTCPostalAddress.swift */,
				72024DD62BCA916F0032F6C0 /* MOTCSocialMediaURL.swift */,
				72024DD52BCA916F0032F6C0 /* MOTCTelephone.swift */,
			);
			path = Models;
			sourceTree = "<group>";
		};
		72DC55A62BC96AF90038C24A = {
			isa = PBXGroup;
			children = (
				72DC55B12BC96AF90038C24A /* taiwan_gogo */,
				72DC55C42BC96AFB0038C24A /* taiwan_gogoTests */,
				72DC55CE2BC96AFB0038C24A /* taiwan_gogoUITests */,
				72DC55B02BC96AF90038C24A /* Products */,
			);
			sourceTree = "<group>";
		};
		72DC55B02BC96AF90038C24A /* Products */ = {
			isa = PBXGroup;
			children = (
				72DC55AF2BC96AF90038C24A /* taiwan_gogo.app */,
				72DC55C12BC96AFB0038C24A /* taiwan_gogoTests.xctest */,
				72DC55CB2BC96AFB0038C24A /* taiwan_gogoUITests.xctest */,
			);
			name = Products;
			sourceTree = "<group>";
		};
		72DC55B12BC96AF90038C24A /* taiwan_gogo */ = {
			isa = PBXGroup;
			children = (
				72024D682BCA3A370032F6C0 /* Models */,
				72DC55DF2BC992AC0038C24A /* Views */,
				72DC55E82BC9AAD10038C24A /* Helpers */,
				72DC55B22BC96AF90038C24A /* taiwan_gogoApp.swift */,
				72DC55B42BC96AF90038C24A /* ContentView.swift */,
				72024D852BCA4E970032F6C0 /* SharedViewModel.swift */,
				72DC55B82BC96AFB0038C24A /* Assets.xcassets */,
				72DC55BA2BC96AFB0038C24A /* Preview Content */,
			);
			path = taiwan_gogo;
			sourceTree = "<group>";
		};
		72DC55BA2BC96AFB0038C24A /* Preview Content */ = {
			isa = PBXGroup;
			children = (
				72024DCE2BCA5FB40032F6C0 /* AttractionList.json */,
				72DC55BB2BC96AFB0038C24A /* Preview Assets.xcassets */,
				72024DD02BCA610F0032F6C0 /* PreviewData.swift */,
			);
			path = "Preview Content";
			sourceTree = "<group>";
		};
		72DC55C42BC96AFB0038C24A /* taiwan_gogoTests */ = {
			isa = PBXGroup;
			children = (
				72DC55C52BC96AFB0038C24A /* taiwan_gogoTests.swift */,
			);
			path = taiwan_gogoTests;
			sourceTree = "<group>";
		};
		72DC55CE2BC96AFB0038C24A /* taiwan_gogoUITests */ = {
			isa = PBXGroup;
			children = (
				72DC55CF2BC96AFB0038C24A /* taiwan_gogoUITests.swift */,
				72DC55D12BC96AFB0038C24A /* taiwan_gogoUITestsLaunchTests.swift */,
			);
			path = taiwan_gogoUITests;
			sourceTree = "<group>";
		};
		72DC55DF2BC992AC0038C24A /* Views */ = {
			isa = PBXGroup;
			children = (
				72DC55E02BC993830038C24A /* Explore */,
				72DC55E12BC993B00038C24A /* Journey */,
			);
			path = Views;
			sourceTree = "<group>";
		};
		72DC55E02BC993830038C24A /* Explore */ = {
			isa = PBXGroup;
			children = (
				72DC55E22BC993E50038C24A /* ExploreView.swift */,
				72024D872BCA52230032F6C0 /* AttractionListView.swift */,
			);
			path = Explore;
			sourceTree = "<group>";
		};
		72DC55E12BC993B00038C24A /* Journey */ = {
			isa = PBXGroup;
			children = (
				72DC55E42BC993FC0038C24A /* JourneyView.swift */,
			);
			path = Journey;
			sourceTree = "<group>";
		};
		72DC55E82BC9AAD10038C24A /* Helpers */ = {
			isa = PBXGroup;
			children = (
				72DC55E62BC9AACB0038C24A /* BottomSheetHelper.swift */,
				72024DD82BCA916F0032F6C0 /* JSONSchemaSupport.swift */,
			);
			path = Helpers;
			sourceTree = "<group>";
		};
/* End PBXGroup section */

/* Begin PBXNativeTarget section */
		72DC55AE2BC96AF90038C24A /* taiwan_gogo */ = {
			isa = PBXNativeTarget;
			buildConfigurationList = 72DC55D52BC96AFB0038C24A /* Build configuration list for PBXNativeTarget "taiwan_gogo" */;
			buildPhases = (
				72DC55AB2BC96AF90038C24A /* Sources */,
				72DC55AC2BC96AF90038C24A /* Frameworks */,
				72DC55AD2BC96AF90038C24A /* Resources */,
			);
			buildRules = (
			);
			dependencies = (
			);
			name = taiwan_gogo;
			packageProductDependencies = (
			);
			productName = taiwan_gogo;
			productReference = 72DC55AF2BC96AF90038C24A /* taiwan_gogo.app */;
			productType = "com.apple.product-type.application";
		};
		72DC55C02BC96AFB0038C24A /* taiwan_gogoTests */ = {
			isa = PBXNativeTarget;
			buildConfigurationList = 72DC55D82BC96AFB0038C24A /* Build configuration list for PBXNativeTarget "taiwan_gogoTests" */;
			buildPhases = (
				72DC55BD2BC96AFB0038C24A /* Sources */,
				72DC55BE2BC96AFB0038C24A /* Frameworks */,
				72DC55BF2BC96AFB0038C24A /* Resources */,
			);
			buildRules = (
			);
			dependencies = (
				72DC55C32BC96AFB0038C24A /* PBXTargetDependency */,
			);
			name = taiwan_gogoTests;
			productName = taiwan_gogoTests;
			productReference = 72DC55C12BC96AFB0038C24A /* taiwan_gogoTests.xctest */;
			productType = "com.apple.product-type.bundle.unit-test";
		};
		72DC55CA2BC96AFB0038C24A /* taiwan_gogoUITests */ = {
			isa = PBXNativeTarget;
			buildConfigurationList = 72DC55DB2BC96AFB0038C24A /* Build configuration list for PBXNativeTarget "taiwan_gogoUITests" */;
			buildPhases = (
				72DC55C72BC96AFB0038C24A /* Sources */,
				72DC55C82BC96AFB0038C24A /* Frameworks */,
				72DC55C92BC96AFB0038C24A /* Resources */,
			);
			buildRules = (
			);
			dependencies = (
				72DC55CD2BC96AFB0038C24A /* PBXTargetDependency */,
			);
			name = taiwan_gogoUITests;
			productName = taiwan_gogoUITests;
			productReference = 72DC55CB2BC96AFB0038C24A /* taiwan_gogoUITests.xctest */;
			productType = "com.apple.product-type.bundle.ui-testing";
		};
/* End PBXNativeTarget section */

/* Begin PBXProject section */
		72DC55A72BC96AF90038C24A /* Project object */ = {
			isa = PBXProject;
			attributes = {
				BuildIndependentTargetsInParallel = 1;
				LastSwiftUpdateCheck = 1530;
				LastUpgradeCheck = 1530;
				TargetAttributes = {
					72DC55AE2BC96AF90038C24A = {
						CreatedOnToolsVersion = 15.3;
					};
					72DC55C02BC96AFB0038C24A = {
						CreatedOnToolsVersion = 15.3;
						TestTargetID = 72DC55AE2BC96AF90038C24A;
					};
					72DC55CA2BC96AFB0038C24A = {
						CreatedOnToolsVersion = 15.3;
						TestTargetID = 72DC55AE2BC96AF90038C24A;
					};
				};
			};
			buildConfigurationList = 72DC55AA2BC96AF90038C24A /* Build configuration list for PBXProject "taiwan_gogo" */;
			compatibilityVersion = "Xcode 14.0";
			developmentRegion = en;
			hasScannedForEncodings = 0;
			knownRegions = (
				en,
				Base,
			);
			mainGroup = 72DC55A62BC96AF90038C24A;
			packageReferences = (
			);
			productRefGroup = 72DC55B02BC96AF90038C24A /* Products */;
			projectDirPath = "";
			projectRoot = "";
			targets = (
				72DC55AE2BC96AF90038C24A /* taiwan_gogo */,
				72DC55C02BC96AFB0038C24A /* taiwan_gogoTests */,
				72DC55CA2BC96AFB0038C24A /* taiwan_gogoUITests */,
			);
		};
/* End PBXProject section */

/* Begin PBXResourcesBuildPhase section */
		72DC55AD2BC96AF90038C24A /* Resources */ = {
			isa = PBXResourcesBuildPhase;
			buildActionMask = 2147483647;
			files = (
				72DC55BC2BC96AFB0038C24A /* Preview Assets.xcassets in Resources */,
				72024DCF2BCA5FB40032F6C0 /* AttractionList.json in Resources */,
				72DC55B92BC96AFB0038C24A /* Assets.xcassets in Resources */,
			);
			runOnlyForDeploymentPostprocessing = 0;
		};
		72DC55BF2BC96AFB0038C24A /* Resources */ = {
			isa = PBXResourcesBuildPhase;
			buildActionMask = 2147483647;
			files = (
			);
			runOnlyForDeploymentPostprocessing = 0;
		};
		72DC55C92BC96AFB0038C24A /* Resources */ = {
			isa = PBXResourcesBuildPhase;
			buildActionMask = 2147483647;
			files = (
			);
			runOnlyForDeploymentPostprocessing = 0;
		};
/* End PBXResourcesBuildPhase section */

/* Begin PBXSourcesBuildPhase section */
		72DC55AB2BC96AF90038C24A /* Sources */ = {
			isa = PBXSourcesBuildPhase;
			buildActionMask = 2147483647;
			files = (
				72024DE32BCA916F0032F6C0 /* MOTCImage.swift in Sources */,
				72024DE12BCA916F0032F6C0 /* JSONSchemaSupport.swift in Sources */,
				72024DD12BCA610F0032F6C0 /* PreviewData.swift in Sources */,
				72DC55B52BC96AF90038C24A /* ContentView.swift in Sources */,
				72DC55E32BC993E50038C24A /* ExploreView.swift in Sources */,
				72DC55E72BC9AACB0038C24A /* BottomSheetHelper.swift in Sources */,
				72024D882BCA52230032F6C0 /* AttractionListView.swift in Sources */,
				72024DE02BCA916F0032F6C0 /* MOTCOrganization.swift in Sources */,
				72024DDE2BCA916F0032F6C0 /* MOTCTelephone.swift in Sources */,
				72DC55E52BC993FC0038C24A /* JourneyView.swift in Sources */,
				72024DDC2BCA916F0032F6C0 /* MOTCAttractionResponse.swift in Sources */,
				72DC55B32BC96AF90038C24A /* taiwan_gogoApp.swift in Sources */,
				72024DE22BCA916F0032F6C0 /* MOTCAttraction.swift in Sources */,
				72024DDD2BCA916F0032F6C0 /* MOTCPostalAddress.swift in Sources */,
				72024D862BCA4E970032F6C0 /* SharedViewModel.swift in Sources */,
				72024DDF2BCA916F0032F6C0 /* MOTCSocialMediaURL.swift in Sources */,
				72024DDB2BCA916F0032F6C0 /* MOTCLocatedCity.swift in Sources */,
			);
			runOnlyForDeploymentPostprocessing = 0;
		};
		72DC55BD2BC96AFB0038C24A /* Sources */ = {
			isa = PBXSourcesBuildPhase;
			buildActionMask = 2147483647;
			files = (
				72DC55C62BC96AFB0038C24A /* taiwan_gogoTests.swift in Sources */,
			);
			runOnlyForDeploymentPostprocessing = 0;
		};
		72DC55C72BC96AFB0038C24A /* Sources */ = {
			isa = PBXSourcesBuildPhase;
			buildActionMask = 2147483647;
			files = (
				72DC55D22BC96AFB0038C24A /* taiwan_gogoUITestsLaunchTests.swift in Sources */,
				72DC55D02BC96AFB0038C24A /* taiwan_gogoUITests.swift in Sources */,
			);
			runOnlyForDeploymentPostprocessing = 0;
		};
/* End PBXSourcesBuildPhase section */

/* Begin PBXTargetDependency section */
		72DC55C32BC96AFB0038C24A /* PBXTargetDependency */ = {
			isa = PBXTargetDependency;
			target = 72DC55AE2BC96AF90038C24A /* taiwan_gogo */;
			targetProxy = 72DC55C22BC96AFB0038C24A /* PBXContainerItemProxy */;
		};
		72DC55CD2BC96AFB0038C24A /* PBXTargetDependency */ = {
			isa = PBXTargetDependency;
			target = 72DC55AE2BC96AF90038C24A /* taiwan_gogo */;
			targetProxy = 72DC55CC2BC96AFB0038C24A /* PBXContainerItemProxy */;
		};
/* End PBXTargetDependency section */

/* Begin XCBuildConfiguration section */
		72DC55D32BC96AFB0038C24A /* Debug */ = {
			isa = XCBuildConfiguration;
			buildSettings = {
				ALWAYS_SEARCH_USER_PATHS = NO;
				ASSETCATALOG_COMPILER_GENERATE_SWIFT_ASSET_SYMBOL_EXTENSIONS = YES;
				CLANG_ANALYZER_NONNULL = YES;
				CLANG_ANALYZER_NUMBER_OBJECT_CONVERSION = YES_AGGRESSIVE;
				CLANG_CXX_LANGUAGE_STANDARD = "gnu++20";
				CLANG_ENABLE_MODULES = YES;
				CLANG_ENABLE_OBJC_ARC = YES;
				CLANG_ENABLE_OBJC_WEAK = YES;
				CLANG_WARN_BLOCK_CAPTURE_AUTORELEASING = YES;
				CLANG_WARN_BOOL_CONVERSION = YES;
				CLANG_WARN_COMMA = YES;
				CLANG_WARN_CONSTANT_CONVERSION = YES;
				CLANG_WARN_DEPRECATED_OBJC_IMPLEMENTATIONS = YES;
				CLANG_WARN_DIRECT_OBJC_ISA_USAGE = YES_ERROR;
				CLANG_WARN_DOCUMENTATION_COMMENTS = YES;
				CLANG_WARN_EMPTY_BODY = YES;
				CLANG_WARN_ENUM_CONVERSION = YES;
				CLANG_WARN_INFINITE_RECURSION = YES;
				CLANG_WARN_INT_CONVERSION = YES;
				CLANG_WARN_NON_LITERAL_NULL_CONVERSION = YES;
				CLANG_WARN_OBJC_IMPLICIT_RETAIN_SELF = YES;
				CLANG_WARN_OBJC_LITERAL_CONVERSION = YES;
				CLANG_WARN_OBJC_ROOT_CLASS = YES_ERROR;
				CLANG_WARN_QUOTED_INCLUDE_IN_FRAMEWORK_HEADER = YES;
				CLANG_WARN_RANGE_LOOP_ANALYSIS = YES;
				CLANG_WARN_STRICT_PROTOTYPES = YES;
				CLANG_WARN_SUSPICIOUS_MOVE = YES;
				CLANG_WARN_UNGUARDED_AVAILABILITY = YES_AGGRESSIVE;
				CLANG_WARN_UNREACHABLE_CODE = YES;
				CLANG_WARN__DUPLICATE_METHOD_MATCH = YES;
				COPY_PHASE_STRIP = NO;
				DEBUG_INFORMATION_FORMAT = dwarf;
				ENABLE_STRICT_OBJC_MSGSEND = YES;
				ENABLE_TESTABILITY = YES;
				ENABLE_USER_SCRIPT_SANDBOXING = YES;
				GCC_C_LANGUAGE_STANDARD = gnu17;
				GCC_DYNAMIC_NO_PIC = NO;
				GCC_NO_COMMON_BLOCKS = YES;
				GCC_OPTIMIZATION_LEVEL = 0;
				GCC_PREPROCESSOR_DEFINITIONS = (
					"DEBUG=1",
					"$(inherited)",
				);
				GCC_WARN_64_TO_32_BIT_CONVERSION = YES;
				GCC_WARN_ABOUT_RETURN_TYPE = YES_ERROR;
				GCC_WARN_UNDECLARED_SELECTOR = YES;
				GCC_WARN_UNINITIALIZED_AUTOS = YES_AGGRESSIVE;
				GCC_WARN_UNUSED_FUNCTION = YES;
				GCC_WARN_UNUSED_VARIABLE = YES;
				IPHONEOS_DEPLOYMENT_TARGET = 17.4;
				LOCALIZATION_PREFERS_STRING_CATALOGS = YES;
				MTL_ENABLE_DEBUG_INFO = INCLUDE_SOURCE;
				MTL_FAST_MATH = YES;
				ONLY_ACTIVE_ARCH = YES;
				SDKROOT = iphoneos;
				SWIFT_ACTIVE_COMPILATION_CONDITIONS = "DEBUG $(inherited)";
				SWIFT_OPTIMIZATION_LEVEL = "-Onone";
			};
			name = Debug;
		};
		72DC55D42BC96AFB0038C24A /* Release */ = {
			isa = XCBuildConfiguration;
			buildSettings = {
				ALWAYS_SEARCH_USER_PATHS = NO;
				ASSETCATALOG_COMPILER_GENERATE_SWIFT_ASSET_SYMBOL_EXTENSIONS = YES;
				CLANG_ANALYZER_NONNULL = YES;
				CLANG_ANALYZER_NUMBER_OBJECT_CONVERSION = YES_AGGRESSIVE;
				CLANG_CXX_LANGUAGE_STANDARD = "gnu++20";
				CLANG_ENABLE_MODULES = YES;
				CLANG_ENABLE_OBJC_ARC = YES;
				CLANG_ENABLE_OBJC_WEAK = YES;
				CLANG_WARN_BLOCK_CAPTURE_AUTORELEASING = YES;
				CLANG_WARN_BOOL_CONVERSION = YES;
				CLANG_WARN_COMMA = YES;
				CLANG_WARN_CONSTANT_CONVERSION = YES;
				CLANG_WARN_DEPRECATED_OBJC_IMPLEMENTATIONS = YES;
				CLANG_WARN_DIRECT_OBJC_ISA_USAGE = YES_ERROR;
				CLANG_WARN_DOCUMENTATION_COMMENTS = YES;
				CLANG_WARN_EMPTY_BODY = YES;
				CLANG_WARN_ENUM_CONVERSION = YES;
				CLANG_WARN_INFINITE_RECURSION = YES;
				CLANG_WARN_INT_CONVERSION = YES;
				CLANG_WARN_NON_LITERAL_NULL_CONVERSION = YES;
				CLANG_WARN_OBJC_IMPLICIT_RETAIN_SELF = YES;
				CLANG_WARN_OBJC_LITERAL_CONVERSION = YES;
				CLANG_WARN_OBJC_ROOT_CLASS = YES_ERROR;
				CLANG_WARN_QUOTED_INCLUDE_IN_FRAMEWORK_HEADER = YES;
				CLANG_WARN_RANGE_LOOP_ANALYSIS = YES;
				CLANG_WARN_STRICT_PROTOTYPES = YES;
				CLANG_WARN_SUSPICIOUS_MOVE = YES;
				CLANG_WARN_UNGUARDED_AVAILABILITY = YES_AGGRESSIVE;
				CLANG_WARN_UNREACHABLE_CODE = YES;
				CLANG_WARN__DUPLICATE_METHOD_MATCH = YES;
				COPY_PHASE_STRIP = NO;
				DEBUG_INFORMATION_FORMAT = "dwarf-with-dsym";
				ENABLE_NS_ASSERTIONS = NO;
				ENABLE_STRICT_OBJC_MSGSEND = YES;
				ENABLE_USER_SCRIPT_SANDBOXING = YES;
				GCC_C_LANGUAGE_STANDARD = gnu17;
				GCC_NO_COMMON_BLOCKS = YES;
				GCC_WARN_64_TO_32_BIT_CONVERSION = YES;
				GCC_WARN_ABOUT_RETURN_TYPE = YES_ERROR;
				GCC_WARN_UNDECLARED_SELECTOR = YES;
				GCC_WARN_UNINITIALIZED_AUTOS = YES_AGGRESSIVE;
				GCC_WARN_UNUSED_FUNCTION = YES;
				GCC_WARN_UNUSED_VARIABLE = YES;
				IPHONEOS_DEPLOYMENT_TARGET = 17.4;
				LOCALIZATION_PREFERS_STRING_CATALOGS = YES;
				MTL_ENABLE_DEBUG_INFO = NO;
				MTL_FAST_MATH = YES;
				SDKROOT = iphoneos;
				SWIFT_COMPILATION_MODE = wholemodule;
				VALIDATE_PRODUCT = YES;
			};
			name = Release;
		};
		72DC55D62BC96AFB0038C24A /* Debug */ = {
			isa = XCBuildConfiguration;
			buildSettings = {
				ASSETCATALOG_COMPILER_APPICON_NAME = AppIcon;
				ASSETCATALOG_COMPILER_GLOBAL_ACCENT_COLOR_NAME = AccentColor;
				CODE_SIGN_STYLE = Automatic;
				CURRENT_PROJECT_VERSION = 1;
				DEVELOPMENT_ASSET_PATHS = "\"taiwan_gogo/Preview Content\"";
				DEVELOPMENT_TEAM = P39JQ9N7WQ;
				ENABLE_PREVIEWS = YES;
				GENERATE_INFOPLIST_FILE = YES;
				INFOPLIST_KEY_NSLocationWhenInUseUsageDescription = "我們需要使用你的位置來提供你附近的景點資料。";
				INFOPLIST_KEY_UIApplicationSceneManifest_Generation = YES;
				INFOPLIST_KEY_UIApplicationSupportsIndirectInputEvents = YES;
				INFOPLIST_KEY_UILaunchScreen_Generation = YES;
				INFOPLIST_KEY_UISupportedInterfaceOrientations_iPad = "UIInterfaceOrientationPortrait UIInterfaceOrientationPortraitUpsideDown UIInterfaceOrientationLandscapeLeft UIInterfaceOrientationLandscapeRight";
				INFOPLIST_KEY_UISupportedInterfaceOrientations_iPhone = "UIInterfaceOrientationPortrait UIInterfaceOrientationLandscapeLeft UIInterfaceOrientationLandscapeRight";
				IPHONEOS_DEPLOYMENT_TARGET = 17.0;
				LD_RUNPATH_SEARCH_PATHS = (
					"$(inherited)",
					"@executable_path/Frameworks",
				);
				MARKETING_VERSION = 1.0;
				PRODUCT_BUNDLE_IDENTIFIER = "cc.seaotter.taiwan-gogo";
				PRODUCT_NAME = "$(TARGET_NAME)";
				SWIFT_EMIT_LOC_STRINGS = YES;
				SWIFT_VERSION = 5.0;
				TARGETED_DEVICE_FAMILY = "1,2";
			};
			name = Debug;
		};
		72DC55D72BC96AFB0038C24A /* Release */ = {
			isa = XCBuildConfiguration;
			buildSettings = {
				ASSETCATALOG_COMPILER_APPICON_NAME = AppIcon;
				ASSETCATALOG_COMPILER_GLOBAL_ACCENT_COLOR_NAME = AccentColor;
				CODE_SIGN_STYLE = Automatic;
				CURRENT_PROJECT_VERSION = 1;
				DEVELOPMENT_ASSET_PATHS = "\"taiwan_gogo/Preview Content\"";
				DEVELOPMENT_TEAM = P39JQ9N7WQ;
				ENABLE_PREVIEWS = YES;
				GENERATE_INFOPLIST_FILE = YES;
				INFOPLIST_KEY_NSLocationWhenInUseUsageDescription = "我們需要使用你的位置來提供你附近的景點資料。";
				INFOPLIST_KEY_UIApplicationSceneManifest_Generation = YES;
				INFOPLIST_KEY_UIApplicationSupportsIndirectInputEvents = YES;
				INFOPLIST_KEY_UILaunchScreen_Generation = YES;
				INFOPLIST_KEY_UISupportedInterfaceOrientations_iPad = "UIInterfaceOrientationPortrait UIInterfaceOrientationPortraitUpsideDown UIInterfaceOrientationLandscapeLeft UIInterfaceOrientationLandscapeRight";
				INFOPLIST_KEY_UISupportedInterfaceOrientations_iPhone = "UIInterfaceOrientationPortrait UIInterfaceOrientationLandscapeLeft UIInterfaceOrientationLandscapeRight";
				IPHONEOS_DEPLOYMENT_TARGET = 17.0;
				LD_RUNPATH_SEARCH_PATHS = (
					"$(inherited)",
					"@executable_path/Frameworks",
				);
				MARKETING_VERSION = 1.0;
				PRODUCT_BUNDLE_IDENTIFIER = "cc.seaotter.taiwan-gogo";
				PRODUCT_NAME = "$(TARGET_NAME)";
				SWIFT_EMIT_LOC_STRINGS = YES;
				SWIFT_VERSION = 5.0;
				TARGETED_DEVICE_FAMILY = "1,2";
			};
			name = Release;
		};
		72DC55D92BC96AFB0038C24A /* Debug */ = {
			isa = XCBuildConfiguration;
			buildSettings = {
				ALWAYS_EMBED_SWIFT_STANDARD_LIBRARIES = YES;
				BUNDLE_LOADER = "$(TEST_HOST)";
				CODE_SIGN_STYLE = Automatic;
				CURRENT_PROJECT_VERSION = 1;
				GENERATE_INFOPLIST_FILE = YES;
				IPHONEOS_DEPLOYMENT_TARGET = 17.4;
				MARKETING_VERSION = 1.0;
				PRODUCT_BUNDLE_IDENTIFIER = "cc.seaotter.taiwan-gogoTests";
				PRODUCT_NAME = "$(TARGET_NAME)";
				SWIFT_EMIT_LOC_STRINGS = NO;
				SWIFT_VERSION = 5.0;
				TARGETED_DEVICE_FAMILY = "1,2";
				TEST_HOST = "$(BUILT_PRODUCTS_DIR)/taiwan_gogo.app/$(BUNDLE_EXECUTABLE_FOLDER_PATH)/taiwan_gogo";
			};
			name = Debug;
		};
		72DC55DA2BC96AFB0038C24A /* Release */ = {
			isa = XCBuildConfiguration;
			buildSettings = {
				ALWAYS_EMBED_SWIFT_STANDARD_LIBRARIES = YES;
				BUNDLE_LOADER = "$(TEST_HOST)";
				CODE_SIGN_STYLE = Automatic;
				CURRENT_PROJECT_VERSION = 1;
				GENERATE_INFOPLIST_FILE = YES;
				IPHONEOS_DEPLOYMENT_TARGET = 17.4;
				MARKETING_VERSION = 1.0;
				PRODUCT_BUNDLE_IDENTIFIER = "cc.seaotter.taiwan-gogoTests";
				PRODUCT_NAME = "$(TARGET_NAME)";
				SWIFT_EMIT_LOC_STRINGS = NO;
				SWIFT_VERSION = 5.0;
				TARGETED_DEVICE_FAMILY = "1,2";
				TEST_HOST = "$(BUILT_PRODUCTS_DIR)/taiwan_gogo.app/$(BUNDLE_EXECUTABLE_FOLDER_PATH)/taiwan_gogo";
			};
			name = Release;
		};
		72DC55DC2BC96AFB0038C24A /* Debug */ = {
			isa = XCBuildConfiguration;
			buildSettings = {
				ALWAYS_EMBED_SWIFT_STANDARD_LIBRARIES = YES;
				CODE_SIGN_STYLE = Automatic;
				CURRENT_PROJECT_VERSION = 1;
				GENERATE_INFOPLIST_FILE = YES;
				MARKETING_VERSION = 1.0;
				PRODUCT_BUNDLE_IDENTIFIER = "cc.seaotter.taiwan-gogoUITests";
				PRODUCT_NAME = "$(TARGET_NAME)";
				SWIFT_EMIT_LOC_STRINGS = NO;
				SWIFT_VERSION = 5.0;
				TARGETED_DEVICE_FAMILY = "1,2";
				TEST_TARGET_NAME = taiwan_gogo;
			};
			name = Debug;
		};
		72DC55DD2BC96AFB0038C24A /* Release */ = {
			isa = XCBuildConfiguration;
			buildSettings = {
				ALWAYS_EMBED_SWIFT_STANDARD_LIBRARIES = YES;
				CODE_SIGN_STYLE = Automatic;
				CURRENT_PROJECT_VERSION = 1;
				GENERATE_INFOPLIST_FILE = YES;
				MARKETING_VERSION = 1.0;
				PRODUCT_BUNDLE_IDENTIFIER = "cc.seaotter.taiwan-gogoUITests";
				PRODUCT_NAME = "$(TARGET_NAME)";
				SWIFT_EMIT_LOC_STRINGS = NO;
				SWIFT_VERSION = 5.0;
				TARGETED_DEVICE_FAMILY = "1,2";
				TEST_TARGET_NAME = taiwan_gogo;
			};
			name = Release;
		};
/* End XCBuildConfiguration section */

/* Begin XCConfigurationList section */
		72DC55AA2BC96AF90038C24A /* Build configuration list for PBXProject "taiwan_gogo" */ = {
			isa = XCConfigurationList;
			buildConfigurations = (
				72DC55D32BC96AFB0038C24A /* Debug */,
				72DC55D42BC96AFB0038C24A /* Release */,
			);
			defaultConfigurationIsVisible = 0;
			defaultConfigurationName = Release;
		};
		72DC55D52BC96AFB0038C24A /* Build configuration list for PBXNativeTarget "taiwan_gogo" */ = {
			isa = XCConfigurationList;
			buildConfigurations = (
				72DC55D62BC96AFB0038C24A /* Debug */,
				72DC55D72BC96AFB0038C24A /* Release */,
			);
			defaultConfigurationIsVisible = 0;
			defaultConfigurationName = Release;
		};
		72DC55D82BC96AFB0038C24A /* Build configuration list for PBXNativeTarget "taiwan_gogoTests" */ = {
			isa = XCConfigurationList;
			buildConfigurations = (
				72DC55D92BC96AFB0038C24A /* Debug */,
				72DC55DA2BC96AFB0038C24A /* Release */,
			);
			defaultConfigurationIsVisible = 0;
			defaultConfigurationName = Release;
		};
		72DC55DB2BC96AFB0038C24A /* Build configuration list for PBXNativeTarget "taiwan_gogoUITests" */ = {
			isa = XCConfigurationList;
			buildConfigurations = (
				72DC55DC2BC96AFB0038C24A /* Debug */,
				72DC55DD2BC96AFB0038C24A /* Release */,
			);
			defaultConfigurationIsVisible = 0;
			defaultConfigurationName = Release;
		};
/* End XCConfigurationList section */
	};
	rootObject = 72DC55A72BC96AF90038C24A /* Project object */;
}
